
Microsoft Visual Studio Solution File, Format Version 12.00
# Visual Studio Version 17
VisualStudioVersion = 17.9.34714.143
MinimumVisualStudioVersion = 10.0.40219.1
Project("{9A19103F-16F7-4668-BE54-9A1E7A4F7556}") = "CustomerPortal.API", "CustomerPortal.API\CustomerPortal.API.csproj", "{99FF76A9-7C59-4899-A62E-CAE7F3064193}"
EndProject
Project("{FAE04EC0-301F-11D3-BF4B-00C04F79EFBC}") = "CustomerPortal.Client", "CustomerPortal.Client\CustomerPortal.Client.csproj", "{BCAC5F40-6FF0-445A-B4C4-38EFC2069BB4}"
EndProject
Global
	GlobalSection(SolutionConfigurationPlatforms) = preSolution
		Debug|Any CPU = Debug|Any CPU
		Release|Any CPU = Release|Any CPU
	EndGlobalSection
	GlobalSection(ProjectConfigurationPlatforms) = postSolution
		{99FF76A9-7C59-4899-A62E-CAE7F3064193}.Debug|Any CPU.ActiveCfg = Debug|Any CPU
		{99FF76A9-7C59-4899-A62E-CAE7F3064193}.Debug|Any CPU.Build.0 = Debug|Any CPU
		{99FF76A9-7C59-4899-A62E-CAE7F3064193}.Release|Any CPU.ActiveCfg = Release|Any CPU
		{99FF76A9-7C59-4899-A62E-CAE7F3064193}.Release|Any CPU.Build.0 = Release|Any CPU
		{BCAC5F40-6FF0-445A-B4C4-38EFC2069BB4}.Debug|Any CPU.ActiveCfg = Debug|Any CPU
		{BCAC5F40-6FF0-445A-B4C4-38EFC2069BB4}.Debug|Any CPU.Build.0 = Debug|Any CPU
		{BCAC5F40-6FF0-445A-B4C4-38EFC2069BB4}.Release|Any CPU.ActiveCfg = Release|Any CPU
		{BCAC5F40-6FF0-445A-B4C4-38EFC2069BB4}.Release|Any CPU.Build.0 = Release|Any CPU
	EndGlobalSection
	GlobalSection(SolutionProperties) = preSolution
		HideSolutionNode = FALSE
	EndGlobalSection
	GlobalSection(ExtensibilityGlobals) = postSolution
		SolutionGuid = {977D0E4F-D7BE-4D9A-9746-57D8F143DDB5}
	EndGlobalSection
EndGlobal
